
Microsoft Visual Studio Solution File, Format Version 12.00
# Visual Studio 15
VisualStudioVersion = 15.0.28307.645
MinimumVisualStudioVersion = 10.0.40219.1
Project("{FAE04EC0-301F-11D3-BF4B-00C04F79EFBC}") = "EMS", "EMS\EMS.csproj", "{573113B6-FEDC-4F19-9C57-784EBA0FE557}"
EndProject
Global
	GlobalSection(SolutionConfigurationPlatforms) = preSolution
		Debug|Any CPU = Debug|Any CPU
		Release|Any CPU = Release|Any CPU
	EndGlobalSection
	GlobalSection(ProjectConfigurationPlatforms) = postSolution
		{573113B6-FEDC-4F19-9C57-784EBA0FE557}.Debug|Any CPU.ActiveCfg = Debug|Any CPU
		{573113B6-FEDC-4F19-9C57-784EBA0FE557}.Debug|Any CPU.Build.0 = Debug|Any CPU
		{573113B6-FEDC-4F19-9C57-784EBA0FE557}.Release|Any CPU.ActiveCfg = Release|Any CPU
		{573113B6-FEDC-4F19-9C57-784EBA0FE557}.Release|Any CPU.Build.0 = Release|Any CPU
	EndGlobalSection
	GlobalSection(SolutionProperties) = preSolution
		HideSolutionNode = FALSE
	EndGlobalSection
	GlobalSection(ExtensibilityGlobals) = postSolution
		SolutionGuid = {4BA794F9-C491-4240-BBFF-588D7F5C0299}
	EndGlobalSection
EndGlobal
